PODS:
  - SmartUI (0.5.0)
  - SmartUI/Tests (0.5.0):
    - SnapshotTesting (~> 1.9.0)
  - SnapshotTesting (1.9.0)

DEPENDENCIES:
  - SmartUI (from `../`)
  - SmartUI/Tests (from `../`)

SPEC REPOS:
  trunk:
    - SnapshotTesting

EXTERNAL SOURCES:
  SmartUI:
    :path: "../"

SPEC CHECKSUMS:
  SmartUI: 3cf1dd3fc4f01650eb73d227de5ccbc59c1ebb97
  SnapshotTesting: 6141c48b6aa76ead61431ca665c14ab9a066c53b

PODFILE CHECKSUM: bed914ed0f4677176b61c62e45169a71bba73490

COCOAPODS: 1.10.2
